
Microsoft Visual Studio Solution File, Format Version 12.00
# Visual Studio 15
VisualStudioVersion = 15.0.26228.9
MinimumVisualStudioVersion = 10.0.40219.1
Project("{FAE04EC0-301F-11D3-BF4B-00C04F79EFBC}") = "iBeaconObserver", "iBeaconObserver\iBeaconObserver\iBeaconObserver.csproj", "{F8241870-BC28-4631-B193-63B625894164}"
EndProject
Project("{FAE04EC0-301F-11D3-BF4B-00C04F79EFBC}") = "iBeaconObserver.Droid", "iBeaconObserver\iBeaconObserver.Droid\iBeaconObserver.Droid.csproj", "{43D00143-C19E-4F52-A238-9FE8D5D4E959}"
EndProject
Project("{FAE04EC0-301F-11D3-BF4B-00C04F79EFBC}") = "iBeaconObserver.iOS", "iBeaconObserver\iBeaconObserver.iOS\iBeaconObserver.iOS.csproj", "{717746DF-F239-4BBE-8D41-A9AD117C125A}"
EndProject
Project("{FAE04EC0-301F-11D3-BF4B-00C04F79EFBC}") = "iBeaconObserver.UWP", "iBeaconObserver\iBeaconObserver.UWP\iBeaconObserver.UWP.csproj", "{2A6BBEAC-F872-464E-BABF-22AFEC38B783}"
EndProject
Global
	GlobalSection(SolutionConfigurationPlatforms) = preSolution
		Ad-Hoc|Any CPU = Ad-Hoc|Any CPU
		Ad-Hoc|ARM = Ad-Hoc|ARM
		Ad-Hoc|iPhone = Ad-Hoc|iPhone
		Ad-Hoc|iPhoneSimulator = Ad-Hoc|iPhoneSimulator
		Ad-Hoc|x64 = Ad-Hoc|x64
		Ad-Hoc|x86 = Ad-Hoc|x86
		AppStore|Any CPU = AppStore|Any CPU
		AppStore|ARM = AppStore|ARM
		AppStore|iPhone = AppStore|iPhone
		AppStore|iPhoneSimulator = AppStore|iPhoneSimulator
		AppStore|x64 = AppStore|x64
		AppStore|x86 = AppStore|x86
		Debug|Any CPU = Debug|Any CPU
		Debug|ARM = Debug|ARM
		Debug|iPhone = Debug|iPhone
		Debug|iPhoneSimulator = Debug|iPhoneSimulator
		Debug|x64 = Debug|x64
		Debug|x86 = Debug|x86
		Release|Any CPU = Release|Any CPU
		Release|ARM = Release|ARM
		Release|iPhone = Release|iPhone
		Release|iPhoneSimulator = Release|iPhoneSimulator
		Release|x64 = Release|x64
		Release|x86 = Release|x86
	EndGlobalSection
	GlobalSection(ProjectConfigurationPlatforms) = postSolution
		{F8241870-BC28-4631-B193-63B625894164}.Ad-Hoc|Any CPU.ActiveCfg = Release|Any CPU
		{F8241870-BC28-4631-B193-63B625894164}.Ad-Hoc|Any CPU.Build.0 = Release|Any CPU
		{F8241870-BC28-4631-B193-63B625894164}.Ad-Hoc|ARM.ActiveCfg = Release|Any CPU
		{F8241870-BC28-4631-B193-63B625894164}.Ad-Hoc|ARM.Build.0 = Release|Any CPU
		{F8241870-BC28-4631-B193-63B625894164}.Ad-Hoc|iPhone.ActiveCfg = Release|Any CPU
		{F8241870-BC28-4631-B193-63B625894164}.Ad-Hoc|iPhone.Build.0 = Release|Any CPU
		{F8241870-BC28-4631-B193-63B625894164}.Ad-Hoc|iPhoneSimulator.ActiveCfg = Release|Any CPU
		{F8241870-BC28-4631-B193-63B625894164}.Ad-Hoc|iPhoneSimulator.Build.0 = Release|Any CPU
		{F8241870-BC28-4631-B193-63B625894164}.Ad-Hoc|x64.ActiveCfg = Release|Any CPU
		{F8241870-BC28-4631-B193-63B625894164}.Ad-Hoc|x64.Build.0 = Release|Any CPU
		{F8241870-BC28-4631-B193-63B625894164}.Ad-Hoc|x86.ActiveCfg = Release|Any CPU
		{F8241870-BC28-4631-B193-63B625894164}.Ad-Hoc|x86.Build.0 = Release|Any CPU
		{F8241870-BC28-4631-B193-63B625894164}.AppStore|Any CPU.ActiveCfg = Release|Any CPU
		{F8241870-BC28-4631-B193-63B625894164}.AppStore|Any CPU.Build.0 = Release|Any CPU
		{F8241870-BC28-4631-B193-63B625894164}.AppStore|ARM.ActiveCfg = Release|Any CPU
		{F8241870-BC28-4631-B193-63B625894164}.AppStore|ARM.Build.0 = Release|Any CPU
		{F8241870-BC28-4631-B193-63B625894164}.AppStore|iPhone.ActiveCfg = Release|Any CPU
		{F8241870-BC28-4631-B193-63B625894164}.AppStore|iPhone.Build.0 = Release|Any CPU
		{F8241870-BC28-4631-B193-63B625894164}.AppStore|iPhoneSimulator.ActiveCfg = Release|Any CPU
		{F8241870-BC28-4631-B193-63B625894164}.AppStore|iPhoneSimulator.Build.0 = Release|Any CPU
		{F8241870-BC28-4631-B193-63B625894164}.AppStore|x64.ActiveCfg = Release|Any CPU
		{F8241870-BC28-4631-B193-63B625894164}.AppStore|x64.Build.0 = Release|Any CPU
		{F8241870-BC28-4631-B193-63B625894164}.AppStore|x86.ActiveCfg = Release|Any CPU
		{F8241870-BC28-4631-B193-63B625894164}.AppStore|x86.Build.0 = Release|Any CPU
		{F8241870-BC28-4631-B193-63B625894164}.Debug|Any CPU.ActiveCfg = Debug|Any CPU
		{F8241870-BC28-4631-B193-63B625894164}.Debug|Any CPU.Build.0 = Debug|Any CPU
		{F8241870-BC28-4631-B193-63B625894164}.Debug|ARM.ActiveCfg = Debug|Any CPU
		{F8241870-BC28-4631-B193-63B625894164}.Debug|ARM.Build.0 = Debug|Any CPU
		{F8241870-BC28-4631-B193-63B625894164}.Debug|iPhone.ActiveCfg = Debug|Any CPU
		{F8241870-BC28-4631-B193-63B625894164}.Debug|iPhone.Build.0 = Debug|Any CPU
		{F8241870-BC28-4631-B193-63B625894164}.Debug|iPhoneSimulator.ActiveCfg = Debug|Any CPU
		{F8241870-BC28-4631-B193-63B625894164}.Debug|iPhoneSimulator.Build.0 = Debug|Any CPU
		{F8241870-BC28-4631-B193-63B625894164}.Debug|x64.ActiveCfg = Debug|Any CPU
		{F8241870-BC28-4631-B193-63B625894164}.Debug|x64.Build.0 = Debug|Any CPU
		{F8241870-BC28-4631-B193-63B625894164}.Debug|x86.ActiveCfg = Debug|Any CPU
		{F8241870-BC28-4631-B193-63B625894164}.Debug|x86.Build.0 = Debug|Any CPU
		{F8241870-BC28-4631-B193-63B625894164}.Release|Any CPU.ActiveCfg = Release|Any CPU
		{F8241870-BC28-4631-B193-63B625894164}.Release|Any CPU.Build.0 = Release|Any CPU
		{F8241870-BC28-4631-B193-63B625894164}.Release|ARM.ActiveCfg = Release|Any CPU
		{F8241870-BC28-4631-B193-63B625894164}.Release|ARM.Build.0 = Release|Any CPU
		{F8241870-BC28-4631-B193-63B625894164}.Release|iPhone.ActiveCfg = Release|Any CPU
		{F8241870-BC28-4631-B193-63B625894164}.Release|iPhone.Build.0 = Release|Any CPU
		{F8241870-BC28-4631-B193-63B625894164}.Release|iPhoneSimulator.ActiveCfg = Release|Any CPU
		{F8241870-BC28-4631-B193-63B625894164}.Release|iPhoneSimulator.Build.0 = Release|Any CPU
		{F8241870-BC28-4631-B193-63B625894164}.Release|x64.ActiveCfg = Release|Any CPU
		{F8241870-BC28-4631-B193-63B625894164}.Release|x64.Build.0 = Release|Any CPU
		{F8241870-BC28-4631-B193-63B625894164}.Release|x86.ActiveCfg = Release|Any CPU
		{F8241870-BC28-4631-B193-63B625894164}.Release|x86.Build.0 = Release|Any CPU
		{43D00143-C19E-4F52-A238-9FE8D5D4E959}.Ad-Hoc|Any CPU.ActiveCfg = Release|Any CPU
		{43D00143-C19E-4F52-A238-9FE8D5D4E959}.Ad-Hoc|Any CPU.Build.0 = Release|Any CPU
		{43D00143-C19E-4F52-A238-9FE8D5D4E959}.Ad-Hoc|Any CPU.Deploy.0 = Release|Any CPU
		{43D00143-C19E-4F52-A238-9FE8D5D4E959}.Ad-Hoc|ARM.ActiveCfg = Release|Any CPU
		{43D00143-C19E-4F52-A238-9FE8D5D4E959}.Ad-Hoc|ARM.Build.0 = Release|Any CPU
		{43D00143-C19E-4F52-A238-9FE8D5D4E959}.Ad-Hoc|ARM.Deploy.0 = Release|Any CPU
		{43D00143-C19E-4F52-A238-9FE8D5D4E959}.Ad-Hoc|iPhone.ActiveCfg = Release|Any CPU
		{43D00143-C19E-4F52-A238-9FE8D5D4E959}.Ad-Hoc|iPhone.Build.0 = Release|Any CPU
		{43D00143-C19E-4F52-A238-9FE8D5D4E959}.Ad-Hoc|iPhone.Deploy.0 = Release|Any CPU
		{43D00143-C19E-4F52-A238-9FE8D5D4E959}.Ad-Hoc|iPhoneSimulator.ActiveCfg = Release|Any CPU
		{43D00143-C19E-4F52-A238-9FE8D5D4E959}.Ad-Hoc|iPhoneSimulator.Build.0 = Release|Any CPU
		{43D00143-C19E-4F52-A238-9FE8D5D4E959}.Ad-Hoc|iPhoneSimulator.Deploy.0 = Release|Any CPU
		{43D00143-C19E-4F52-A238-9FE8D5D4E959}.Ad-Hoc|x64.ActiveCfg = Release|Any CPU
		{43D00143-C19E-4F52-A238-9FE8D5D4E959}.Ad-Hoc|x64.Build.0 = Release|Any CPU
		{43D00143-C19E-4F52-A238-9FE8D5D4E959}.Ad-Hoc|x64.Deploy.0 = Release|Any CPU
		{43D00143-C19E-4F52-A238-9FE8D5D4E959}.Ad-Hoc|x86.ActiveCfg = Release|Any CPU
		{43D00143-C19E-4F52-A238-9FE8D5D4E959}.Ad-Hoc|x86.Build.0 = Release|Any CPU
		{43D00143-C19E-4F52-A238-9FE8D5D4E959}.Ad-Hoc|x86.Deploy.0 = Release|Any CPU
		{43D00143-C19E-4F52-A238-9FE8D5D4E959}.AppStore|Any CPU.ActiveCfg = Release|Any CPU
		{43D00143-C19E-4F52-A238-9FE8D5D4E959}.AppStore|Any CPU.Build.0 = Release|Any CPU
		{43D00143-C19E-4F52-A238-9FE8D5D4E959}.AppStore|Any CPU.Deploy.0 = Release|Any CPU
		{43D00143-C19E-4F52-A238-9FE8D5D4E959}.AppStore|ARM.ActiveCfg = Release|Any CPU
		{43D00143-C19E-4F52-A238-9FE8D5D4E959}.AppStore|ARM.Build.0 = Release|Any CPU
		{43D00143-C19E-4F52-A238-9FE8D5D4E959}.AppStore|ARM.Deploy.0 = Release|Any CPU
		{43D00143-C19E-4F52-A238-9FE8D5D4E959}.AppStore|iPhone.ActiveCfg = Release|Any CPU
		{43D00143-C19E-4F52-A238-9FE8D5D4E959}.AppStore|iPhone.Build.0 = Release|Any CPU
		{43D00143-C19E-4F52-A238-9FE8D5D4E959}.AppStore|iPhone.Deploy.0 = Release|Any CPU
		{43D00143-C19E-4F52-A238-9FE8D5D4E959}.AppStore|iPhoneSimulator.ActiveCfg = Release|Any CPU
		{43D00143-C19E-4F52-A238-9FE8D5D4E959}.AppStore|iPhoneSimulator.Build.0 = Release|Any CPU
		{43D00143-C19E-4F52-A238-9FE8D5D4E959}.AppStore|iPhoneSimulator.Deploy.0 = Release|Any CPU
		{43D00143-C19E-4F52-A238-9FE8D5D4E959}.AppStore|x64.ActiveCfg = Release|Any CPU
		{43D00143-C19E-4F52-A238-9FE8D5D4E959}.AppStore|x64.Build.0 = Release|Any CPU
		{43D00143-C19E-4F52-A238-9FE8D5D4E959}.AppStore|x64.Deploy.0 = Release|Any CPU
		{43D00143-C19E-4F52-A238-9FE8D5D4E959}.AppStore|x86.ActiveCfg = Release|Any CPU
		{43D00143-C19E-4F52-A238-9FE8D5D4E959}.AppStore|x86.Build.0 = Release|Any CPU
		{43D00143-C19E-4F52-A238-9FE8D5D4E959}.AppStore|x86.Deploy.0 = Release|Any CPU
		{43D00143-C19E-4F52-A238-9FE8D5D4E959}.Debug|Any CPU.ActiveCfg = Debug|Any CPU
		{43D00143-C19E-4F52-A238-9FE8D5D4E959}.Debug|Any CPU.Build.0 = Debug|Any CPU
		{43D00143-C19E-4F52-A238-9FE8D5D4E959}.Debug|Any CPU.Deploy.0 = Debug|Any CPU
		{43D00143-C19E-4F52-A238-9FE8D5D4E959}.Debug|ARM.ActiveCfg = Debug|Any CPU
		{43D00143-C19E-4F52-A238-9FE8D5D4E959}.Debug|ARM.Build.0 = Debug|Any CPU
		{43D00143-C19E-4F52-A238-9FE8D5D4E959}.Debug|ARM.Deploy.0 = Debug|Any CPU
		{43D00143-C19E-4F52-A238-9FE8D5D4E959}.Debug|iPhone.ActiveCfg = Debug|Any CPU
		{43D00143-C19E-4F52-A238-9FE8D5D4E959}.Debug|iPhone.Build.0 = Debug|Any CPU
		{43D00143-C19E-4F52-A238-9FE8D5D4E959}.Debug|iPhone.Deploy.0 = Debug|Any CPU
		{43D00143-C19E-4F52-A238-9FE8D5D4E959}.Debug|iPhoneSimulator.ActiveCfg = Debug|Any CPU
		{43D00143-C19E-4F52-A238-9FE8D5D4E959}.Debug|iPhoneSimulator.Build.0 = Debug|Any CPU
		{43D00143-C19E-4F52-A238-9FE8D5D4E959}.Debug|iPhoneSimulator.Deploy.0 = Debug|Any CPU
		{43D00143-C19E-4F52-A238-9FE8D5D4E959}.Debug|x64.ActiveCfg = Debug|Any CPU
		{43D00143-C19E-4F52-A238-9FE8D5D4E959}.Debug|x64.Build.0 = Debug|Any CPU
		{43D00143-C19E-4F52-A238-9FE8D5D4E959}.Debug|x64.Deploy.0 = Debug|Any CPU
		{43D00143-C19E-4F52-A238-9FE8D5D4E959}.Debug|x86.ActiveCfg = Debug|Any CPU
		{43D00143-C19E-4F52-A238-9FE8D5D4E959}.Debug|x86.Build.0 = Debug|Any CPU
		{43D00143-C19E-4F52-A238-9FE8D5D4E959}.Debug|x86.Deploy.0 = Debug|Any CPU
		{43D00143-C19E-4F52-A238-9FE8D5D4E959}.Release|Any CPU.ActiveCfg = Release|Any CPU
		{43D00143-C19E-4F52-A238-9FE8D5D4E959}.Release|Any CPU.Build.0 = Release|Any CPU
		{43D00143-C19E-4F52-A238-9FE8D5D4E959}.Release|Any CPU.Deploy.0 = Release|Any CPU
		{43D00143-C19E-4F52-A238-9FE8D5D4E959}.Release|ARM.ActiveCfg = Release|Any CPU
		{43D00143-C19E-4F52-A238-9FE8D5D4E959}.Release|ARM.Build.0 = Release|Any CPU
		{43D00143-C19E-4F52-A238-9FE8D5D4E959}.Release|ARM.Deploy.0 = Release|Any CPU
		{43D00143-C19E-4F52-A238-9FE8D5D4E959}.Release|iPhone.ActiveCfg = Release|Any CPU
		{43D00143-C19E-4F52-A238-9FE8D5D4E959}.Release|iPhone.Build.0 = Release|Any CPU
		{43D00143-C19E-4F52-A238-9FE8D5D4E959}.Release|iPhone.Deploy.0 = Release|Any CPU
		{43D00143-C19E-4F52-A238-9FE8D5D4E959}.Release|iPhoneSimulator.ActiveCfg = Release|Any CPU
		{43D00143-C19E-4F52-A238-9FE8D5D4E959}.Release|iPhoneSimulator.Build.0 = Release|Any CPU
		{43D00143-C19E-4F52-A238-9FE8D5D4E959}.Release|iPhoneSimulator.Deploy.0 = Release|Any CPU
		{43D00143-C19E-4F52-A238-9FE8D5D4E959}.Release|x64.ActiveCfg = Release|Any CPU
		{43D00143-C19E-4F52-A238-9FE8D5D4E959}.Release|x64.Build.0 = Release|Any CPU
		{43D00143-C19E-4F52-A238-9FE8D5D4E959}.Release|x64.Deploy.0 = Release|Any CPU
		{43D00143-C19E-4F52-A238-9FE8D5D4E959}.Release|x86.ActiveCfg = Release|Any CPU
		{43D00143-C19E-4F52-A238-9FE8D5D4E959}.Release|x86.Build.0 = Release|Any CPU
		{43D00143-C19E-4F52-A238-9FE8D5D4E959}.Release|x86.Deploy.0 = Release|Any CPU
		{717746DF-F239-4BBE-8D41-A9AD117C125A}.Ad-Hoc|Any CPU.ActiveCfg = Ad-Hoc|iPhone
		{717746DF-F239-4BBE-8D41-A9AD117C125A}.Ad-Hoc|ARM.ActiveCfg = Ad-Hoc|iPhone
		{717746DF-F239-4BBE-8D41-A9AD117C125A}.Ad-Hoc|iPhone.ActiveCfg = Ad-Hoc|iPhone
		{717746DF-F239-4BBE-8D41-A9AD117C125A}.Ad-Hoc|iPhone.Build.0 = Ad-Hoc|iPhone
		{717746DF-F239-4BBE-8D41-A9AD117C125A}.Ad-Hoc|iPhoneSimulator.ActiveCfg = Ad-Hoc|iPhoneSimulator
		{717746DF-F239-4BBE-8D41-A9AD117C125A}.Ad-Hoc|iPhoneSimulator.Build.0 = Ad-Hoc|iPhoneSimulator
		{717746DF-F239-4BBE-8D41-A9AD117C125A}.Ad-Hoc|x64.ActiveCfg = Ad-Hoc|iPhone
		{717746DF-F239-4BBE-8D41-A9AD117C125A}.Ad-Hoc|x86.ActiveCfg = Ad-Hoc|iPhone
		{717746DF-F239-4BBE-8D41-A9AD117C125A}.AppStore|Any CPU.ActiveCfg = AppStore|iPhone
		{717746DF-F239-4BBE-8D41-A9AD117C125A}.AppStore|ARM.ActiveCfg = AppStore|iPhone
		{717746DF-F239-4BBE-8D41-A9AD117C125A}.AppStore|iPhone.ActiveCfg = AppStore|iPhone
		{717746DF-F239-4BBE-8D41-A9AD117C125A}.AppStore|iPhone.Build.0 = AppStore|iPhone
		{717746DF-F239-4BBE-8D41-A9AD117C125A}.AppStore|iPhoneSimulator.ActiveCfg = AppStore|iPhoneSimulator
		{717746DF-F239-4BBE-8D41-A9AD117C125A}.AppStore|iPhoneSimulator.Build.0 = AppStore|iPhoneSimulator
		{717746DF-F239-4BBE-8D41-A9AD117C125A}.AppStore|x64.ActiveCfg = AppStore|iPhone
		{717746DF-F239-4BBE-8D41-A9AD117C125A}.AppStore|x86.ActiveCfg = AppStore|iPhone
		{717746DF-F239-4BBE-8D41-A9AD117C125A}.Debug|Any CPU.ActiveCfg = Debug|iPhone
		{717746DF-F239-4BBE-8D41-A9AD117C125A}.Debug|ARM.ActiveCfg = Debug|iPhone
		{717746DF-F239-4BBE-8D41-A9AD117C125A}.Debug|iPhone.ActiveCfg = Debug|iPhone
		{717746DF-F239-4BBE-8D41-A9AD117C125A}.Debug|iPhone.Build.0 = Debug|iPhone
		{717746DF-F239-4BBE-8D41-A9AD117C125A}.Debug|iPhoneSimulator.ActiveCfg = Debug|iPhoneSimulator
		{717746DF-F239-4BBE-8D41-A9AD117C125A}.Debug|iPhoneSimulator.Build.0 = Debug|iPhoneSimulator
		{717746DF-F239-4BBE-8D41-A9AD117C125A}.Debug|x64.ActiveCfg = Debug|iPhone
		{717746DF-F239-4BBE-8D41-A9AD117C125A}.Debug|x86.ActiveCfg = Debug|iPhone
		{717746DF-F239-4BBE-8D41-A9AD117C125A}.Release|Any CPU.ActiveCfg = Release|iPhone
		{717746DF-F239-4BBE-8D41-A9AD117C125A}.Release|ARM.ActiveCfg = Release|iPhone
		{717746DF-F239-4BBE-8D41-A9AD117C125A}.Release|iPhone.ActiveCfg = Release|iPhone
		{717746DF-F239-4BBE-8D41-A9AD117C125A}.Release|iPhone.Build.0 = Release|iPhone
		{717746DF-F239-4BBE-8D41-A9AD117C125A}.Release|iPhoneSimulator.ActiveCfg = Release|iPhoneSimulator
		{717746DF-F239-4BBE-8D41-A9AD117C125A}.Release|iPhoneSimulator.Build.0 = Release|iPhoneSimulator
		{717746DF-F239-4BBE-8D41-A9AD117C125A}.Release|x64.ActiveCfg = Release|iPhone
		{717746DF-F239-4BBE-8D41-A9AD117C125A}.Release|x86.ActiveCfg = Release|iPhone
		{2A6BBEAC-F872-464E-BABF-22AFEC38B783}.Ad-Hoc|Any CPU.ActiveCfg = Release|x86
		{2A6BBEAC-F872-464E-BABF-22AFEC38B783}.Ad-Hoc|Any CPU.Build.0 = Release|x86
		{2A6BBEAC-F872-464E-BABF-22AFEC38B783}.Ad-Hoc|Any CPU.Deploy.0 = Release|x86
		{2A6BBEAC-F872-464E-BABF-22AFEC38B783}.Ad-Hoc|ARM.ActiveCfg = Release|ARM
		{2A6BBEAC-F872-464E-BABF-22AFEC38B783}.Ad-Hoc|ARM.Build.0 = Release|ARM
		{2A6BBEAC-F872-464E-BABF-22AFEC38B783}.Ad-Hoc|ARM.Deploy.0 = Release|ARM
		{2A6BBEAC-F872-464E-BABF-22AFEC38B783}.Ad-Hoc|iPhone.ActiveCfg = Release|x86
		{2A6BBEAC-F872-464E-BABF-22AFEC38B783}.Ad-Hoc|iPhone.Build.0 = Release|x86
		{2A6BBEAC-F872-464E-BABF-22AFEC38B783}.Ad-Hoc|iPhone.Deploy.0 = Release|x86
		{2A6BBEAC-F872-464E-BABF-22AFEC38B783}.Ad-Hoc|iPhoneSimulator.ActiveCfg = Release|x86
		{2A6BBEAC-F872-464E-BABF-22AFEC38B783}.Ad-Hoc|iPhoneSimulator.Build.0 = Release|x86
		{2A6BBEAC-F872-464E-BABF-22AFEC38B783}.Ad-Hoc|iPhoneSimulator.Deploy.0 = Release|x86
		{2A6BBEAC-F872-464E-BABF-22AFEC38B783}.Ad-Hoc|x64.ActiveCfg = Release|x64
		{2A6BBEAC-F872-464E-BABF-22AFEC38B783}.Ad-Hoc|x64.Build.0 = Release|x64
		{2A6BBEAC-F872-464E-BABF-22AFEC38B783}.Ad-Hoc|x64.Deploy.0 = Release|x64
		{2A6BBEAC-F872-464E-BABF-22AFEC38B783}.Ad-Hoc|x86.ActiveCfg = Release|x86
		{2A6BBEAC-F872-464E-BABF-22AFEC38B783}.Ad-Hoc|x86.Build.0 = Release|x86
		{2A6BBEAC-F872-464E-BABF-22AFEC38B783}.Ad-Hoc|x86.Deploy.0 = Release|x86
		{2A6BBEAC-F872-464E-BABF-22AFEC38B783}.AppStore|Any CPU.ActiveCfg = Release|x86
		{2A6BBEAC-F872-464E-BABF-22AFEC38B783}.AppStore|Any CPU.Build.0 = Release|x86
		{2A6BBEAC-F872-464E-BABF-22AFEC38B783}.AppStore|Any CPU.Deploy.0 = Release|x86
		{2A6BBEAC-F872-464E-BABF-22AFEC38B783}.AppStore|ARM.ActiveCfg = Release|ARM
		{2A6BBEAC-F872-464E-BABF-22AFEC38B783}.AppStore|ARM.Build.0 = Release|ARM
		{2A6BBEAC-F872-464E-BABF-22AFEC38B783}.AppStore|ARM.Deploy.0 = Release|ARM
		{2A6BBEAC-F872-464E-BABF-22AFEC38B783}.AppStore|iPhone.ActiveCfg = Release|x86
		{2A6BBEAC-F872-464E-BABF-22AFEC38B783}.AppStore|iPhone.Build.0 = Release|x86
		{2A6BBEAC-F872-464E-BABF-22AFEC38B783}.AppStore|iPhone.Deploy.0 = Release|x86
		{2A6BBEAC-F872-464E-BABF-22AFEC38B783}.AppStore|iPhoneSimulator.ActiveCfg = Release|x86
		{2A6BBEAC-F872-464E-BABF-22AFEC38B783}.AppStore|iPhoneSimulator.Build.0 = Release|x86
		{2A6BBEAC-F872-464E-BABF-22AFEC38B783}.AppStore|iPhoneSimulator.Deploy.0 = Release|x86
		{2A6BBEAC-F872-464E-BABF-22AFEC38B783}.AppStore|x64.ActiveCfg = Release|x64
		{2A6BBEAC-F872-464E-BABF-22AFEC38B783}.AppStore|x64.Build.0 = Release|x64
		{2A6BBEAC-F872-464E-BABF-22AFEC38B783}.AppStore|x64.Deploy.0 = Release|x64
		{2A6BBEAC-F872-464E-BABF-22AFEC38B783}.AppStore|x86.ActiveCfg = Release|x86
		{2A6BBEAC-F872-464E-BABF-22AFEC38B783}.AppStore|x86.Build.0 = Release|x86
		{2A6BBEAC-F872-464E-BABF-22AFEC38B783}.AppStore|x86.Deploy.0 = Release|x86
		{2A6BBEAC-F872-464E-BABF-22AFEC38B783}.Debug|Any CPU.ActiveCfg = Debug|ARM
		{2A6BBEAC-F872-464E-BABF-22AFEC38B783}.Debug|Any CPU.Build.0 = Debug|ARM
		{2A6BBEAC-F872-464E-BABF-22AFEC38B783}.Debug|Any CPU.Deploy.0 = Debug|ARM
		{2A6BBEAC-F872-464E-BABF-22AFEC38B783}.Debug|ARM.ActiveCfg = Debug|ARM
		{2A6BBEAC-F872-464E-BABF-22AFEC38B783}.Debug|ARM.Build.0 = Debug|ARM
		{2A6BBEAC-F872-464E-BABF-22AFEC38B783}.Debug|ARM.Deploy.0 = Debug|ARM
		{2A6BBEAC-F872-464E-BABF-22AFEC38B783}.Debug|iPhone.ActiveCfg = Debug|x86
		{2A6BBEAC-F872-464E-BABF-22AFEC38B783}.Debug|iPhoneSimulator.ActiveCfg = Debug|x86
		{2A6BBEAC-F872-464E-BABF-22AFEC38B783}.Debug|x64.ActiveCfg = Debug|x64
		{2A6BBEAC-F872-464E-BABF-22AFEC38B783}.Debug|x64.Build.0 = Debug|x64
		{2A6BBEAC-F872-464E-BABF-22AFEC38B783}.Debug|x64.Deploy.0 = Debug|x64
		{2A6BBEAC-F872-464E-BABF-22AFEC38B783}.Debug|x86.ActiveCfg = Debug|x86
		{2A6BBEAC-F872-464E-BABF-22AFEC38B783}.Debug|x86.Build.0 = Debug|x86
		{2A6BBEAC-F872-464E-BABF-22AFEC38B783}.Debug|x86.Deploy.0 = Debug|x86
		{2A6BBEAC-F872-464E-BABF-22AFEC38B783}.Release|Any CPU.ActiveCfg = Release|ARM
		{2A6BBEAC-F872-464E-BABF-22AFEC38B783}.Release|Any CPU.Build.0 = Release|ARM
		{2A6BBEAC-F872-464E-BABF-22AFEC38B783}.Release|Any CPU.Deploy.0 = Release|ARM
		{2A6BBEAC-F872-464E-BABF-22AFEC38B783}.Release|ARM.ActiveCfg = Release|ARM
		{2A6BBEAC-F872-464E-BABF-22AFEC38B783}.Release|ARM.Build.0 = Release|ARM
		{2A6BBEAC-F872-464E-BABF-22AFEC38B783}.Release|ARM.Deploy.0 = Release|ARM
		{2A6BBEAC-F872-464E-BABF-22AFEC38B783}.Release|iPhone.ActiveCfg = Release|x86
		{2A6BBEAC-F872-464E-BABF-22AFEC38B783}.Release|iPhoneSimulator.ActiveCfg = Release|x86
		{2A6BBEAC-F872-464E-BABF-22AFEC38B783}.Release|x64.ActiveCfg = Release|x64
		{2A6BBEAC-F872-464E-BABF-22AFEC38B783}.Release|x64.Build.0 = Release|x64
		{2A6BBEAC-F872-464E-BABF-22AFEC38B783}.Release|x64.Deploy.0 = Release|x64
		{2A6BBEAC-F872-464E-BABF-22AFEC38B783}.Release|x86.ActiveCfg = Release|x86
		{2A6BBEAC-F872-464E-BABF-22AFEC38B783}.Release|x86.Build.0 = Release|x86
		{2A6BBEAC-F872-464E-BABF-22AFEC38B783}.Release|x86.Deploy.0 = Release|x86
	EndGlobalSection
	GlobalSection(SolutionProperties) = preSolution
		HideSolutionNode = FALSE
	EndGlobalSection
EndGlobal
